
Microsoft Visual Studio Solution File, Format Version 12.00
# Visual Studio Version 17
VisualStudioVersion = 17.14.36221.1 d17.14
MinimumVisualStudioVersion = 10.0.40219.1
Project("{FAE04EC0-301F-11D3-BF4B-00C04F79EFBC}") = "AMBOS_ Inserting Nodes with Exception Handling", "AMBOS_ Inserting Nodes with Exception Handling\AMBOS_ Inserting Nodes with Exception Handling.csproj", "{2F552679-A23E-4FC0-8459-71EE8B4729A9}"
EndProject
Global
	GlobalSection(SolutionConfigurationPlatforms) = preSolution
		Debug|Any CPU = Debug|Any CPU
		Release|Any CPU = Release|Any CPU
	EndGlobalSection
	GlobalSection(ProjectConfigurationPlatforms) = postSolution
		{2F552679-A23E-4FC0-8459-71EE8B4729A9}.Debug|Any CPU.ActiveCfg = Debug|Any CPU
		{2F552679-A23E-4FC0-8459-71EE8B4729A9}.Debug|Any CPU.Build.0 = Debug|Any CPU
		{2F552679-A23E-4FC0-8459-71EE8B4729A9}.Release|Any CPU.ActiveCfg = Release|Any CPU
		{2F552679-A23E-4FC0-8459-71EE8B4729A9}.Release|Any CPU.Build.0 = Release|Any CPU
	EndGlobalSection
	GlobalSection(SolutionProperties) = preSolution
		HideSolutionNode = FALSE
	EndGlobalSection
	GlobalSection(ExtensibilityGlobals) = postSolution
		SolutionGuid = {C67D928E-16BC-4308-903F-EFACE645F3A2}
	EndGlobalSection
EndGlobal
